# This file is automatically @generated by Cargo.
# It is not intended for manual editing.
version = 4

[[package]]
name = "bitflags"
version = "2.13.2"
source = "registry+https://github.com/rust-lang/crates.io-index"
checksum = "3ded4057c258ba199e2d26386d3af3780957ecaee6c4ef4041c6b4b8b97c0b06"

[[package]]
name = "ds-fw-gpu"
version = "0.1.0"
dependencies = [
 "kapi-abi",
]

[[package]]
name = "ds-ipc"
version = "0.1.0"
dependencies = [
 "ds-log",
 "kapi-abi",
 "kapi-syscall",
]

[[package]]
name = "ds-log"
version = "0.1.0"
dependencies = [
 "kapi-abi",
 "kapi-syscall",
]

[[package]]
name = "ds-mem"
version = "0.1.0"
dependencies = [
 "bitflags",
 "ds-log",
 "kapi-abi",
 "kapi-syscall",
]

[[package]]
name = "gfx-api"
version = "0.1.0"
dependencies = [
 "gfx-protocol",
]

[[package]]
name = "gfx-protocol"
version = "0.1.0"

[[package]]
name = "gfx-server"
version = "0.1.0"
dependencies = [
 "ds-fw-gpu",
 "ds-ipc",
 "ds-log",
 "ds-mem",
 "gfx-protocol",
 "kapi-abi",
 "kapi-syscall",
]

[[package]]
name = "kapi-abi"
version = "0.1.0"
dependencies = [
 "bitflags",
]

[[package]]
name = "kapi-syscall"
version = "0.1.0"
dependencies = [
 "kapi-abi",
]
