# This file is automatically @generated by Cargo.
# It is not intended for manual editing.
version = 4

[[package]]
name = "audio_protocol"
version = "0.1.0"

[[package]]
name = "audio_server"
version = "0.1.0"

[[package]]
name = "c_shim"
version = "0.1.0"

[[package]]
name = "compositor"
version = "0.1.0"

[[package]]
name = "demo-gfx"
version = "0.1.0"
dependencies = [
 "uspace",
]

[[package]]
name = "display_server"
version = "0.1.0"

[[package]]
name = "error_codes"
version = "0.1.0"

[[package]]
name = "file_manager"
version = "0.1.0"

[[package]]
name = "gfx_protocol"
version = "0.1.0"

[[package]]
name = "hal_types"
version = "0.1.0"

[[package]]
name = "init"
version = "0.1.0"

[[package]]
name = "input_protocol"
version = "0.1.0"

[[package]]
name = "input_server"
version = "0.1.0"

[[package]]
name = "ipc_channel"
version = "0.1.0"

[[package]]
name = "ipc_core"
version = "0.1.0"

[[package]]
name = "ipc_router"
version = "0.1.0"

[[package]]
name = "ipc_serde"
version = "0.1.0"

[[package]]
name = "kernel_abi"
version = "0.1.0"

[[package]]
name = "logger_daemon"
version = "0.1.0"

[[package]]
name = "logging"
version = "0.1.0"

[[package]]
name = "memory"
version = "0.1.0"

[[package]]
name = "net_protocol"
version = "0.1.0"

[[package]]
name = "network_manager"
version = "0.1.0"

[[package]]
name = "odin_runtime_shim"
version = "0.1.0"

[[package]]
name = "os_build_utils"
version = "0.1.0"

[[package]]
name = "session_manager"
version = "0.1.0"

[[package]]
name = "settings_app"
version = "0.1.0"

[[package]]
name = "shell"
version = "0.1.0"

[[package]]
name = "sync"
version = "0.1.0"

[[package]]
name = "system_monitor"
version = "0.1.0"

[[package]]
name = "terminal"
version = "0.1.0"

[[package]]
name = "text_edditor"
version = "0.1.0"

[[package]]
name = "tg-comm"
version = "0.1.0"

[[package]]
name = "uspace"
version = "0.1.0"
dependencies = [
 "tg-comm",
 "uspace-comm",
]

[[package]]
name = "uspace-comm"
version = "0.1.0"
dependencies = [
 "tg-comm",
]

[[package]]
name = "vfs_protocol"
version = "0.1.0"

[[package]]
name = "vfs_server"
version = "0.1.0"

[[package]]
name = "vise_lg"
version = "0.1.0"

[[package]]
name = "vise_lg_sys"
version = "0.1.0"
