# This file is automatically @generated by Cargo.
# It is not intended for manual editing.
version = 4

[[package]]
name = "demo"
version = "0.1.0"
dependencies = [
 "trangorgelib",
]

[[package]]
name = "shell"
version = "0.1.0"
dependencies = [
 "trangorgelib",
]

[[package]]
name = "terminal"
version = "0.1.0"
dependencies = [
 "trangorgelib",
]

[[package]]
name = "tr-init"
version = "0.1.0"
dependencies = [
 "trangorgelib",
]

[[package]]
name = "trangorgelib"
version = "0.1.0"
