# This file is automatically @generated by Cargo.
# It is not intended for manual editing.
version = 4

[[package]]
name = "vise-api"
version = "0.1.0"

[[package]]
name = "vise-codegen"
version = "0.1.0"

[[package]]
name = "vise-compiler"
version = "0.1.0"

[[package]]
name = "vise-device"
version = "0.1.0"

[[package]]
name = "vise-ir"
version = "0.1.0"

[[package]]
name = "vise-lexer"
version = "0.1.0"

[[package]]
name = "vise-optimizer"
version = "0.1.0"

[[package]]
name = "vise-parser"
version = "0.1.0"
dependencies = [
 "vise-lexer",
]

[[package]]
name = "vise-pipeline"
version = "0.1.0"

[[package]]
name = "vise-sema"
version = "0.1.0"
dependencies = [
 "vise-parser",
]
