# This file is automatically @generated by Cargo.
# It is not intended for manual editing.
version = 4

[[package]]
name = "audio"
version = "0.1.0"

[[package]]
name = "battery"
version = "0.1.0"

[[package]]
name = "bluetooth"
version = "0.1.0"

[[package]]
name = "camera"
version = "0.1.0"

[[package]]
name = "displayport"
version = "0.1.0"

[[package]]
name = "gfx"
version = "0.1.0"
dependencies = [
 "hw-sys",
]

[[package]]
name = "hdmi"
version = "0.1.0"
dependencies = [
 "hw-sys",
]

[[package]]
name = "hw-sys"
version = "0.1.0"

[[package]]
name = "net"
version = "0.1.0"

[[package]]
name = "pcie"
version = "0.1.0"

[[package]]
name = "usb"
version = "0.1.0"
dependencies = [
 "hw-sys",
 "pcie",
]
