# This file is automatically @generated by Cargo.
# It is not intended for manual editing.
version = 4

[[package]]
name = "tgs-elf"
version = "0.1.0"

[[package]]
name = "tgs-hal"
version = "0.1.0"

[[package]]
name = "tgs-init"
version = "0.1.0"
dependencies = [
 "tgs-rt",
]

[[package]]
name = "tgs-libc"
version = "0.1.0"
dependencies = [
 "tgs-hal",
]

[[package]]
name = "tgs-rt"
version = "0.1.0"
dependencies = [
 "tgs-hal",
 "tgs-libc",
]
